
Microsoft Visual Studio Solution File, Format Version 12.00
# Visual Studio 15
VisualStudioVersion = 15.0.28307.572
MinimumVisualStudioVersion = 10.0.40219.1
Project("{9A19103F-16F7-4668-BE54-9A1E7A4F7556}") = "SklepZoologiczny.Api", "Foodly.Api\SklepZoologiczny.Api.csproj", "{CCA0ADCF-894D-4447-932F-A42B0D193C18}"
EndProject
Project("{9A19103F-16F7-4668-BE54-9A1E7A4F7556}") = "SklepZoologiczny.Data.Sql", "Foodly.Data.Sql\SklepZoologiczny.Data.Sql.csproj", "{7E006D1C-DDE0-4415-809F-A5182F13E574}"
EndProject
Project("{9A19103F-16F7-4668-BE54-9A1E7A4F7556}") = "SklepZoologiczny.Common", "Foodly.Common\SklepZoologiczny.Common.csproj", "{F43509E5-B847-470E-8381-676226080D2F}"
EndProject
Global
	GlobalSection(SolutionConfigurationPlatforms) = preSolution
		Debug|Any CPU = Debug|Any CPU
		Release|Any CPU = Release|Any CPU
	EndGlobalSection
	GlobalSection(ProjectConfigurationPlatforms) = postSolution
		{CCA0ADCF-894D-4447-932F-A42B0D193C18}.Debug|Any CPU.ActiveCfg = Debug|Any CPU
		{CCA0ADCF-894D-4447-932F-A42B0D193C18}.Debug|Any CPU.Build.0 = Debug|Any CPU
		{CCA0ADCF-894D-4447-932F-A42B0D193C18}.Release|Any CPU.ActiveCfg = Release|Any CPU
		{CCA0ADCF-894D-4447-932F-A42B0D193C18}.Release|Any CPU.Build.0 = Release|Any CPU
		{7E006D1C-DDE0-4415-809F-A5182F13E574}.Debug|Any CPU.ActiveCfg = Debug|Any CPU
		{7E006D1C-DDE0-4415-809F-A5182F13E574}.Debug|Any CPU.Build.0 = Debug|Any CPU
		{7E006D1C-DDE0-4415-809F-A5182F13E574}.Release|Any CPU.ActiveCfg = Release|Any CPU
		{7E006D1C-DDE0-4415-809F-A5182F13E574}.Release|Any CPU.Build.0 = Release|Any CPU
		{F43509E5-B847-470E-8381-676226080D2F}.Debug|Any CPU.ActiveCfg = Debug|Any CPU
		{F43509E5-B847-470E-8381-676226080D2F}.Debug|Any CPU.Build.0 = Debug|Any CPU
		{F43509E5-B847-470E-8381-676226080D2F}.Release|Any CPU.ActiveCfg = Release|Any CPU
		{F43509E5-B847-470E-8381-676226080D2F}.Release|Any CPU.Build.0 = Release|Any CPU
	EndGlobalSection
	GlobalSection(SolutionProperties) = preSolution
		HideSolutionNode = FALSE
	EndGlobalSection
	GlobalSection(ExtensibilityGlobals) = postSolution
		SolutionGuid = {9FAF41B8-D7B5-42F1-93A3-47740A284BC4}
	EndGlobalSection
EndGlobal
